
Microsoft Visual Studio Solution File, Format Version 12.00
# Visual Studio Version 17
VisualStudioVersion = 17.11.35222.181
MinimumVisualStudioVersion = 10.0.40219.1
Project("{8BC9CEB8-8B4A-11D0-8D11-00A0C91BC942}") = "Twice", "Twice\Twice.vcxproj", "{53961919-2B49-4909-A2BC-97F0BEEB3CBD}"
EndProject
Global
	GlobalSection(SolutionConfigurationPlatforms) = preSolution
		Debug|x64 = Debug|x64
		Debug|x86 = Debug|x86
		Release|x64 = Release|x64
		Release|x86 = Release|x86
	EndGlobalSection
	GlobalSection(ProjectConfigurationPlatforms) = postSolution
		{53961919-2B49-4909-A2BC-97F0BEEB3CBD}.Debug|x64.ActiveCfg = Debug|x64
		{53961919-2B49-4909-A2BC-97F0BEEB3CBD}.Debug|x64.Build.0 = Debug|x64
		{53961919-2B49-4909-A2BC-97F0BEEB3CBD}.Debug|x86.ActiveCfg = Debug|Win32
		{53961919-2B49-4909-A2BC-97F0BEEB3CBD}.Debug|x86.Build.0 = Debug|Win32
		{53961919-2B49-4909-A2BC-97F0BEEB3CBD}.Release|x64.ActiveCfg = Release|x64
		{53961919-2B49-4909-A2BC-97F0BEEB3CBD}.Release|x64.Build.0 = Release|x64
		{53961919-2B49-4909-A2BC-97F0BEEB3CBD}.Release|x86.ActiveCfg = Release|Win32
		{53961919-2B49-4909-A2BC-97F0BEEB3CBD}.Release|x86.Build.0 = Release|Win32
	EndGlobalSection
	GlobalSection(SolutionProperties) = preSolution
		HideSolutionNode = FALSE
	EndGlobalSection
	GlobalSection(ExtensibilityGlobals) = postSolution
		SolutionGuid = {B50351FD-FE25-433B-9F86-EDB8266EA954}
	EndGlobalSection
EndGlobal
