
Microsoft Visual Studio Solution File, Format Version 12.00
# Visual Studio Version 17
VisualStudioVersion = 17.11.35222.181
MinimumVisualStudioVersion = 10.0.40219.1
Project("{8BC9CEB8-8B4A-11D0-8D11-00A0C91BC942}") = "Josh's Double Bacon Deluxe", "Josh's Double Bacon Deluxe\Josh's Double Bacon Deluxe.vcxproj", "{5FE31E72-3F1F-455D-A3A3-9A16A6886C5A}"
EndProject
Global
	GlobalSection(SolutionConfigurationPlatforms) = preSolution
		Debug|x64 = Debug|x64
		Debug|x86 = Debug|x86
		Release|x64 = Release|x64
		Release|x86 = Release|x86
	EndGlobalSection
	GlobalSection(ProjectConfigurationPlatforms) = postSolution
		{5FE31E72-3F1F-455D-A3A3-9A16A6886C5A}.Debug|x64.ActiveCfg = Debug|x64
		{5FE31E72-3F1F-455D-A3A3-9A16A6886C5A}.Debug|x64.Build.0 = Debug|x64
		{5FE31E72-3F1F-455D-A3A3-9A16A6886C5A}.Debug|x86.ActiveCfg = Debug|Win32
		{5FE31E72-3F1F-455D-A3A3-9A16A6886C5A}.Debug|x86.Build.0 = Debug|Win32
		{5FE31E72-3F1F-455D-A3A3-9A16A6886C5A}.Release|x64.ActiveCfg = Release|x64
		{5FE31E72-3F1F-455D-A3A3-9A16A6886C5A}.Release|x64.Build.0 = Release|x64
		{5FE31E72-3F1F-455D-A3A3-9A16A6886C5A}.Release|x86.ActiveCfg = Release|Win32
		{5FE31E72-3F1F-455D-A3A3-9A16A6886C5A}.Release|x86.Build.0 = Release|Win32
	EndGlobalSection
	GlobalSection(SolutionProperties) = preSolution
		HideSolutionNode = FALSE
	EndGlobalSection
	GlobalSection(ExtensibilityGlobals) = postSolution
		SolutionGuid = {9084987C-70D3-4F5D-8D5D-73E2FE11DB24}
	EndGlobalSection
EndGlobal
