
Microsoft Visual Studio Solution File, Format Version 12.00
# Visual Studio Version 17
VisualStudioVersion = 17.5.33516.290
MinimumVisualStudioVersion = 10.0.40219.1
Project("{8BC9CEB8-8B4A-11D0-8D11-00A0C91BC942}") = "CCC '07 J5 - Keep on Truckin'", "CCC '07 J5 - Keep on Truckin'.vcxproj", "{A9999DE6-7598-475F-B8D9-9F0D27FD63E4}"
EndProject
Global
	GlobalSection(SolutionConfigurationPlatforms) = preSolution
		Debug|x64 = Debug|x64
		Debug|x86 = Debug|x86
		Release|x64 = Release|x64
		Release|x86 = Release|x86
	EndGlobalSection
	GlobalSection(ProjectConfigurationPlatforms) = postSolution
		{A9999DE6-7598-475F-B8D9-9F0D27FD63E4}.Debug|x64.ActiveCfg = Debug|x64
		{A9999DE6-7598-475F-B8D9-9F0D27FD63E4}.Debug|x64.Build.0 = Debug|x64
		{A9999DE6-7598-475F-B8D9-9F0D27FD63E4}.Debug|x86.ActiveCfg = Debug|Win32
		{A9999DE6-7598-475F-B8D9-9F0D27FD63E4}.Debug|x86.Build.0 = Debug|Win32
		{A9999DE6-7598-475F-B8D9-9F0D27FD63E4}.Release|x64.ActiveCfg = Release|x64
		{A9999DE6-7598-475F-B8D9-9F0D27FD63E4}.Release|x64.Build.0 = Release|x64
		{A9999DE6-7598-475F-B8D9-9F0D27FD63E4}.Release|x86.ActiveCfg = Release|Win32
		{A9999DE6-7598-475F-B8D9-9F0D27FD63E4}.Release|x86.Build.0 = Release|Win32
	EndGlobalSection
	GlobalSection(SolutionProperties) = preSolution
		HideSolutionNode = FALSE
	EndGlobalSection
	GlobalSection(ExtensibilityGlobals) = postSolution
		SolutionGuid = {2AA2538A-4794-49F8-BE66-653EEF1872DA}
	EndGlobalSection
EndGlobal
