
Microsoft Visual Studio Solution File, Format Version 12.00
# Visual Studio Version 17
VisualStudioVersion = 17.11.35222.181
MinimumVisualStudioVersion = 10.0.40219.1
Project("{8BC9CEB8-8B4A-11D0-8D11-00A0C91BC942}") = "Nutrient Tree", "Nutrient Tree\Nutrient Tree.vcxproj", "{4A78D094-F0EC-4A5B-AE7B-B0B9C0DD369A}"
EndProject
Global
	GlobalSection(SolutionConfigurationPlatforms) = preSolution
		Debug|x64 = Debug|x64
		Debug|x86 = Debug|x86
		Release|x64 = Release|x64
		Release|x86 = Release|x86
	EndGlobalSection
	GlobalSection(ProjectConfigurationPlatforms) = postSolution
		{4A78D094-F0EC-4A5B-AE7B-B0B9C0DD369A}.Debug|x64.ActiveCfg = Debug|x64
		{4A78D094-F0EC-4A5B-AE7B-B0B9C0DD369A}.Debug|x64.Build.0 = Debug|x64
		{4A78D094-F0EC-4A5B-AE7B-B0B9C0DD369A}.Debug|x86.ActiveCfg = Debug|Win32
		{4A78D094-F0EC-4A5B-AE7B-B0B9C0DD369A}.Debug|x86.Build.0 = Debug|Win32
		{4A78D094-F0EC-4A5B-AE7B-B0B9C0DD369A}.Release|x64.ActiveCfg = Release|x64
		{4A78D094-F0EC-4A5B-AE7B-B0B9C0DD369A}.Release|x64.Build.0 = Release|x64
		{4A78D094-F0EC-4A5B-AE7B-B0B9C0DD369A}.Release|x86.ActiveCfg = Release|Win32
		{4A78D094-F0EC-4A5B-AE7B-B0B9C0DD369A}.Release|x86.Build.0 = Release|Win32
	EndGlobalSection
	GlobalSection(SolutionProperties) = preSolution
		HideSolutionNode = FALSE
	EndGlobalSection
	GlobalSection(ExtensibilityGlobals) = postSolution
		SolutionGuid = {18AB9320-6185-438E-A08C-34EB1A47BA7A}
	EndGlobalSection
EndGlobal
