
Microsoft Visual Studio Solution File, Format Version 12.00
# Visual Studio Version 16
VisualStudioVersion = 16.0.33214.272
MinimumVisualStudioVersion = 10.0.40219.1
Project("{8BC9CEB8-8B4A-11D0-8D11-00A0C91BC942}") = "Is it a Tree", "Is it a Tree\Is it a Tree.vcxproj", "{6990E441-EB20-41C9-96BF-19FDA63C32B1}"
EndProject
Global
	GlobalSection(SolutionConfigurationPlatforms) = preSolution
		Debug|x64 = Debug|x64
		Debug|x86 = Debug|x86
		Release|x64 = Release|x64
		Release|x86 = Release|x86
	EndGlobalSection
	GlobalSection(ProjectConfigurationPlatforms) = postSolution
		{6990E441-EB20-41C9-96BF-19FDA63C32B1}.Debug|x64.ActiveCfg = Debug|x64
		{6990E441-EB20-41C9-96BF-19FDA63C32B1}.Debug|x64.Build.0 = Debug|x64
		{6990E441-EB20-41C9-96BF-19FDA63C32B1}.Debug|x86.ActiveCfg = Debug|Win32
		{6990E441-EB20-41C9-96BF-19FDA63C32B1}.Debug|x86.Build.0 = Debug|Win32
		{6990E441-EB20-41C9-96BF-19FDA63C32B1}.Release|x64.ActiveCfg = Release|x64
		{6990E441-EB20-41C9-96BF-19FDA63C32B1}.Release|x64.Build.0 = Release|x64
		{6990E441-EB20-41C9-96BF-19FDA63C32B1}.Release|x86.ActiveCfg = Release|Win32
		{6990E441-EB20-41C9-96BF-19FDA63C32B1}.Release|x86.Build.0 = Release|Win32
	EndGlobalSection
	GlobalSection(SolutionProperties) = preSolution
		HideSolutionNode = FALSE
	EndGlobalSection
	GlobalSection(ExtensibilityGlobals) = postSolution
		SolutionGuid = {9B6C1E3A-C3D7-4009-9FE5-8DF4595C1C5B}
	EndGlobalSection
EndGlobal
