
Microsoft Visual Studio Solution File, Format Version 12.00
# Visual Studio Version 17
VisualStudioVersion = 17.5.33516.290
MinimumVisualStudioVersion = 10.0.40219.1
Project("{8BC9CEB8-8B4A-11D0-8D11-00A0C91BC942}") = "WIE-Hexer", "WIE-Hexer.vcxproj", "{B98479CE-B3AA-4582-AA03-FC79C8A25AEC}"
EndProject
Global
	GlobalSection(SolutionConfigurationPlatforms) = preSolution
		Debug|x64 = Debug|x64
		Debug|x86 = Debug|x86
		Release|x64 = Release|x64
		Release|x86 = Release|x86
	EndGlobalSection
	GlobalSection(ProjectConfigurationPlatforms) = postSolution
		{B98479CE-B3AA-4582-AA03-FC79C8A25AEC}.Debug|x64.ActiveCfg = Debug|x64
		{B98479CE-B3AA-4582-AA03-FC79C8A25AEC}.Debug|x64.Build.0 = Debug|x64
		{B98479CE-B3AA-4582-AA03-FC79C8A25AEC}.Debug|x86.ActiveCfg = Debug|Win32
		{B98479CE-B3AA-4582-AA03-FC79C8A25AEC}.Debug|x86.Build.0 = Debug|Win32
		{B98479CE-B3AA-4582-AA03-FC79C8A25AEC}.Release|x64.ActiveCfg = Release|x64
		{B98479CE-B3AA-4582-AA03-FC79C8A25AEC}.Release|x64.Build.0 = Release|x64
		{B98479CE-B3AA-4582-AA03-FC79C8A25AEC}.Release|x86.ActiveCfg = Release|Win32
		{B98479CE-B3AA-4582-AA03-FC79C8A25AEC}.Release|x86.Build.0 = Release|Win32
	EndGlobalSection
	GlobalSection(SolutionProperties) = preSolution
		HideSolutionNode = FALSE
	EndGlobalSection
	GlobalSection(ExtensibilityGlobals) = postSolution
		SolutionGuid = {17D5F454-7CA6-4AD5-8318-08A828D3EB46}
	EndGlobalSection
EndGlobal
