
Microsoft Visual Studio Solution File, Format Version 12.00
# Visual Studio Version 17
VisualStudioVersion = 17.11.35222.181
MinimumVisualStudioVersion = 10.0.40219.1
Project("{8BC9CEB8-8B4A-11D0-8D11-00A0C91BC942}") = "Bessla Motors G", "Bessla Motors G\Bessla Motors G.vcxproj", "{66CF58A7-84B9-4EF0-A6B7-19471BC1224F}"
EndProject
Global
	GlobalSection(SolutionConfigurationPlatforms) = preSolution
		Debug|x64 = Debug|x64
		Debug|x86 = Debug|x86
		Release|x64 = Release|x64
		Release|x86 = Release|x86
	EndGlobalSection
	GlobalSection(ProjectConfigurationPlatforms) = postSolution
		{66CF58A7-84B9-4EF0-A6B7-19471BC1224F}.Debug|x64.ActiveCfg = Debug|x64
		{66CF58A7-84B9-4EF0-A6B7-19471BC1224F}.Debug|x64.Build.0 = Debug|x64
		{66CF58A7-84B9-4EF0-A6B7-19471BC1224F}.Debug|x86.ActiveCfg = Debug|Win32
		{66CF58A7-84B9-4EF0-A6B7-19471BC1224F}.Debug|x86.Build.0 = Debug|Win32
		{66CF58A7-84B9-4EF0-A6B7-19471BC1224F}.Release|x64.ActiveCfg = Release|x64
		{66CF58A7-84B9-4EF0-A6B7-19471BC1224F}.Release|x64.Build.0 = Release|x64
		{66CF58A7-84B9-4EF0-A6B7-19471BC1224F}.Release|x86.ActiveCfg = Release|Win32
		{66CF58A7-84B9-4EF0-A6B7-19471BC1224F}.Release|x86.Build.0 = Release|Win32
	EndGlobalSection
	GlobalSection(SolutionProperties) = preSolution
		HideSolutionNode = FALSE
	EndGlobalSection
	GlobalSection(ExtensibilityGlobals) = postSolution
		SolutionGuid = {CE0886F5-EBC2-4292-B77A-6FE89242B4BE}
	EndGlobalSection
EndGlobal
