
Microsoft Visual Studio Solution File, Format Version 12.00
# Visual Studio Version 17
VisualStudioVersion = 17.11.35222.181
MinimumVisualStudioVersion = 10.0.40219.1
Project("{8BC9CEB8-8B4A-11D0-8D11-00A0C91BC942}") = "The Unwritten Rules", "The Unwritten Rules\The Unwritten Rules.vcxproj", "{EA3F34E4-20CE-4493-A6ED-6DBF7976B5EF}"
EndProject
Global
	GlobalSection(SolutionConfigurationPlatforms) = preSolution
		Debug|x64 = Debug|x64
		Debug|x86 = Debug|x86
		Release|x64 = Release|x64
		Release|x86 = Release|x86
	EndGlobalSection
	GlobalSection(ProjectConfigurationPlatforms) = postSolution
		{EA3F34E4-20CE-4493-A6ED-6DBF7976B5EF}.Debug|x64.ActiveCfg = Debug|x64
		{EA3F34E4-20CE-4493-A6ED-6DBF7976B5EF}.Debug|x64.Build.0 = Debug|x64
		{EA3F34E4-20CE-4493-A6ED-6DBF7976B5EF}.Debug|x86.ActiveCfg = Debug|Win32
		{EA3F34E4-20CE-4493-A6ED-6DBF7976B5EF}.Debug|x86.Build.0 = Debug|Win32
		{EA3F34E4-20CE-4493-A6ED-6DBF7976B5EF}.Release|x64.ActiveCfg = Release|x64
		{EA3F34E4-20CE-4493-A6ED-6DBF7976B5EF}.Release|x64.Build.0 = Release|x64
		{EA3F34E4-20CE-4493-A6ED-6DBF7976B5EF}.Release|x86.ActiveCfg = Release|Win32
		{EA3F34E4-20CE-4493-A6ED-6DBF7976B5EF}.Release|x86.Build.0 = Release|Win32
	EndGlobalSection
	GlobalSection(SolutionProperties) = preSolution
		HideSolutionNode = FALSE
	EndGlobalSection
	GlobalSection(ExtensibilityGlobals) = postSolution
		SolutionGuid = {EC2D845D-9403-4D09-928E-C1D8B9A9F99C}
	EndGlobalSection
EndGlobal
