
Microsoft Visual Studio Solution File, Format Version 12.00
# Visual Studio Version 17
VisualStudioVersion = 17.11.35222.181
MinimumVisualStudioVersion = 10.0.40219.1
Project("{8BC9CEB8-8B4A-11D0-8D11-00A0C91BC942}") = "Race B", "Race B\Race B.vcxproj", "{98414DC2-6180-430A-AD23-6D9EB5764B00}"
EndProject
Global
	GlobalSection(SolutionConfigurationPlatforms) = preSolution
		Debug|x64 = Debug|x64
		Debug|x86 = Debug|x86
		Release|x64 = Release|x64
		Release|x86 = Release|x86
	EndGlobalSection
	GlobalSection(ProjectConfigurationPlatforms) = postSolution
		{98414DC2-6180-430A-AD23-6D9EB5764B00}.Debug|x64.ActiveCfg = Debug|x64
		{98414DC2-6180-430A-AD23-6D9EB5764B00}.Debug|x64.Build.0 = Debug|x64
		{98414DC2-6180-430A-AD23-6D9EB5764B00}.Debug|x86.ActiveCfg = Debug|Win32
		{98414DC2-6180-430A-AD23-6D9EB5764B00}.Debug|x86.Build.0 = Debug|Win32
		{98414DC2-6180-430A-AD23-6D9EB5764B00}.Release|x64.ActiveCfg = Release|x64
		{98414DC2-6180-430A-AD23-6D9EB5764B00}.Release|x64.Build.0 = Release|x64
		{98414DC2-6180-430A-AD23-6D9EB5764B00}.Release|x86.ActiveCfg = Release|Win32
		{98414DC2-6180-430A-AD23-6D9EB5764B00}.Release|x86.Build.0 = Release|Win32
	EndGlobalSection
	GlobalSection(SolutionProperties) = preSolution
		HideSolutionNode = FALSE
	EndGlobalSection
	GlobalSection(ExtensibilityGlobals) = postSolution
		SolutionGuid = {669E5F75-8392-40D1-BA1D-87D70A1ED9A4}
	EndGlobalSection
EndGlobal
