
Microsoft Visual Studio Solution File, Format Version 12.00
# Visual Studio Version 17
VisualStudioVersion = 17.11.35222.181
MinimumVisualStudioVersion = 10.0.40219.1
Project("{8BC9CEB8-8B4A-11D0-8D11-00A0C91BC942}") = "MST template", "MST template\MST template.vcxproj", "{C639CE16-841B-45C9-B2FE-7E1CDB01EC8D}"
EndProject
Global
	GlobalSection(SolutionConfigurationPlatforms) = preSolution
		Debug|x64 = Debug|x64
		Debug|x86 = Debug|x86
		Release|x64 = Release|x64
		Release|x86 = Release|x86
	EndGlobalSection
	GlobalSection(ProjectConfigurationPlatforms) = postSolution
		{C639CE16-841B-45C9-B2FE-7E1CDB01EC8D}.Debug|x64.ActiveCfg = Debug|x64
		{C639CE16-841B-45C9-B2FE-7E1CDB01EC8D}.Debug|x64.Build.0 = Debug|x64
		{C639CE16-841B-45C9-B2FE-7E1CDB01EC8D}.Debug|x86.ActiveCfg = Debug|Win32
		{C639CE16-841B-45C9-B2FE-7E1CDB01EC8D}.Debug|x86.Build.0 = Debug|Win32
		{C639CE16-841B-45C9-B2FE-7E1CDB01EC8D}.Release|x64.ActiveCfg = Release|x64
		{C639CE16-841B-45C9-B2FE-7E1CDB01EC8D}.Release|x64.Build.0 = Release|x64
		{C639CE16-841B-45C9-B2FE-7E1CDB01EC8D}.Release|x86.ActiveCfg = Release|Win32
		{C639CE16-841B-45C9-B2FE-7E1CDB01EC8D}.Release|x86.Build.0 = Release|Win32
	EndGlobalSection
	GlobalSection(SolutionProperties) = preSolution
		HideSolutionNode = FALSE
	EndGlobalSection
	GlobalSection(ExtensibilityGlobals) = postSolution
		SolutionGuid = {FD4076CC-E065-493C-A4DA-3A4A890AFA8D}
	EndGlobalSection
EndGlobal
