
Microsoft Visual Studio Solution File, Format Version 12.00
# Visual Studio Version 17
VisualStudioVersion = 17.5.33516.290
MinimumVisualStudioVersion = 10.0.40219.1
Project("{8BC9CEB8-8B4A-11D0-8D11-00A0C91BC942}") = "G-Pop", "G-Pop.vcxproj", "{D65D02E8-105D-4770-894E-81EA9898CE58}"
EndProject
Global
	GlobalSection(SolutionConfigurationPlatforms) = preSolution
		Debug|x64 = Debug|x64
		Debug|x86 = Debug|x86
		Release|x64 = Release|x64
		Release|x86 = Release|x86
	EndGlobalSection
	GlobalSection(ProjectConfigurationPlatforms) = postSolution
		{D65D02E8-105D-4770-894E-81EA9898CE58}.Debug|x64.ActiveCfg = Debug|x64
		{D65D02E8-105D-4770-894E-81EA9898CE58}.Debug|x64.Build.0 = Debug|x64
		{D65D02E8-105D-4770-894E-81EA9898CE58}.Debug|x86.ActiveCfg = Debug|Win32
		{D65D02E8-105D-4770-894E-81EA9898CE58}.Debug|x86.Build.0 = Debug|Win32
		{D65D02E8-105D-4770-894E-81EA9898CE58}.Release|x64.ActiveCfg = Release|x64
		{D65D02E8-105D-4770-894E-81EA9898CE58}.Release|x64.Build.0 = Release|x64
		{D65D02E8-105D-4770-894E-81EA9898CE58}.Release|x86.ActiveCfg = Release|Win32
		{D65D02E8-105D-4770-894E-81EA9898CE58}.Release|x86.Build.0 = Release|Win32
	EndGlobalSection
	GlobalSection(SolutionProperties) = preSolution
		HideSolutionNode = FALSE
	EndGlobalSection
	GlobalSection(ExtensibilityGlobals) = postSolution
		SolutionGuid = {9B4DDB97-59D0-4BF4-B89D-16315A99FB8C}
	EndGlobalSection
EndGlobal
