
Microsoft Visual Studio Solution File, Format Version 12.00
# Visual Studio Version 17
VisualStudioVersion = 17.5.33516.290
MinimumVisualStudioVersion = 10.0.40219.1
Project("{8BC9CEB8-8B4A-11D0-8D11-00A0C91BC942}") = "木", "木.vcxproj", "{2A7AD888-3B3A-495E-845D-7ACAFE7EBC09}"
EndProject
Global
	GlobalSection(SolutionConfigurationPlatforms) = preSolution
		Debug|x64 = Debug|x64
		Debug|x86 = Debug|x86
		Release|x64 = Release|x64
		Release|x86 = Release|x86
	EndGlobalSection
	GlobalSection(ProjectConfigurationPlatforms) = postSolution
		{2A7AD888-3B3A-495E-845D-7ACAFE7EBC09}.Debug|x64.ActiveCfg = Debug|x64
		{2A7AD888-3B3A-495E-845D-7ACAFE7EBC09}.Debug|x64.Build.0 = Debug|x64
		{2A7AD888-3B3A-495E-845D-7ACAFE7EBC09}.Debug|x86.ActiveCfg = Debug|Win32
		{2A7AD888-3B3A-495E-845D-7ACAFE7EBC09}.Debug|x86.Build.0 = Debug|Win32
		{2A7AD888-3B3A-495E-845D-7ACAFE7EBC09}.Release|x64.ActiveCfg = Release|x64
		{2A7AD888-3B3A-495E-845D-7ACAFE7EBC09}.Release|x64.Build.0 = Release|x64
		{2A7AD888-3B3A-495E-845D-7ACAFE7EBC09}.Release|x86.ActiveCfg = Release|Win32
		{2A7AD888-3B3A-495E-845D-7ACAFE7EBC09}.Release|x86.Build.0 = Release|Win32
	EndGlobalSection
	GlobalSection(SolutionProperties) = preSolution
		HideSolutionNode = FALSE
	EndGlobalSection
	GlobalSection(ExtensibilityGlobals) = postSolution
		SolutionGuid = {27F8C0FD-A842-48EB-BB9A-144A0C0A5121}
	EndGlobalSection
EndGlobal
