
Microsoft Visual Studio Solution File, Format Version 12.00
# Visual Studio Version 16
VisualStudioVersion = 16.0.33423.256
MinimumVisualStudioVersion = 10.0.40219.1
Project("{8BC9CEB8-8B4A-11D0-8D11-00A0C91BC942}") = "RT", "RT\RT.vcxproj", "{94E98488-72FC-4816-A790-B515C4FFDDBC}"
EndProject
Global
	GlobalSection(SolutionConfigurationPlatforms) = preSolution
		Debug|x64 = Debug|x64
		Debug|x86 = Debug|x86
		Release|x64 = Release|x64
		Release|x86 = Release|x86
	EndGlobalSection
	GlobalSection(ProjectConfigurationPlatforms) = postSolution
		{94E98488-72FC-4816-A790-B515C4FFDDBC}.Debug|x64.ActiveCfg = Debug|x64
		{94E98488-72FC-4816-A790-B515C4FFDDBC}.Debug|x64.Build.0 = Debug|x64
		{94E98488-72FC-4816-A790-B515C4FFDDBC}.Debug|x86.ActiveCfg = Debug|Win32
		{94E98488-72FC-4816-A790-B515C4FFDDBC}.Debug|x86.Build.0 = Debug|Win32
		{94E98488-72FC-4816-A790-B515C4FFDDBC}.Release|x64.ActiveCfg = Release|x64
		{94E98488-72FC-4816-A790-B515C4FFDDBC}.Release|x64.Build.0 = Release|x64
		{94E98488-72FC-4816-A790-B515C4FFDDBC}.Release|x86.ActiveCfg = Release|Win32
		{94E98488-72FC-4816-A790-B515C4FFDDBC}.Release|x86.Build.0 = Release|Win32
	EndGlobalSection
	GlobalSection(SolutionProperties) = preSolution
		HideSolutionNode = FALSE
	EndGlobalSection
	GlobalSection(ExtensibilityGlobals) = postSolution
		SolutionGuid = {B95EE36E-EF41-4F19-81F8-06549A8C528F}
	EndGlobalSection
EndGlobal
