
Microsoft Visual Studio Solution File, Format Version 12.00
# Visual Studio Version 17
VisualStudioVersion = 17.5.33516.290
MinimumVisualStudioVersion = 10.0.40219.1
Project("{8BC9CEB8-8B4A-11D0-8D11-00A0C91BC942}") = "FASTIO1", "FASTIO1.vcxproj", "{F0E34BCF-9998-4546-B887-EEE50D3E6FAB}"
EndProject
Global
	GlobalSection(SolutionConfigurationPlatforms) = preSolution
		Debug|x64 = Debug|x64
		Debug|x86 = Debug|x86
		Release|x64 = Release|x64
		Release|x86 = Release|x86
	EndGlobalSection
	GlobalSection(ProjectConfigurationPlatforms) = postSolution
		{F0E34BCF-9998-4546-B887-EEE50D3E6FAB}.Debug|x64.ActiveCfg = Debug|x64
		{F0E34BCF-9998-4546-B887-EEE50D3E6FAB}.Debug|x64.Build.0 = Debug|x64
		{F0E34BCF-9998-4546-B887-EEE50D3E6FAB}.Debug|x86.ActiveCfg = Debug|Win32
		{F0E34BCF-9998-4546-B887-EEE50D3E6FAB}.Debug|x86.Build.0 = Debug|Win32
		{F0E34BCF-9998-4546-B887-EEE50D3E6FAB}.Release|x64.ActiveCfg = Release|x64
		{F0E34BCF-9998-4546-B887-EEE50D3E6FAB}.Release|x64.Build.0 = Release|x64
		{F0E34BCF-9998-4546-B887-EEE50D3E6FAB}.Release|x86.ActiveCfg = Release|Win32
		{F0E34BCF-9998-4546-B887-EEE50D3E6FAB}.Release|x86.Build.0 = Release|Win32
	EndGlobalSection
	GlobalSection(SolutionProperties) = preSolution
		HideSolutionNode = FALSE
	EndGlobalSection
	GlobalSection(ExtensibilityGlobals) = postSolution
		SolutionGuid = {7432F281-7144-4CD4-9A92-DB360DA855D8}
	EndGlobalSection
EndGlobal
