
Microsoft Visual Studio Solution File, Format Version 12.00
# Visual Studio Version 17
VisualStudioVersion = 17.5.33516.290
MinimumVisualStudioVersion = 10.0.40219.1
Project("{8BC9CEB8-8B4A-11D0-8D11-00A0C91BC942}") = "Postfix Notation", "Postfix Notation.vcxproj", "{1F524B22-DA3F-4AA4-890F-C8518AEFCABB}"
EndProject
Global
	GlobalSection(SolutionConfigurationPlatforms) = preSolution
		Debug|x64 = Debug|x64
		Debug|x86 = Debug|x86
		Release|x64 = Release|x64
		Release|x86 = Release|x86
	EndGlobalSection
	GlobalSection(ProjectConfigurationPlatforms) = postSolution
		{1F524B22-DA3F-4AA4-890F-C8518AEFCABB}.Debug|x64.ActiveCfg = Debug|x64
		{1F524B22-DA3F-4AA4-890F-C8518AEFCABB}.Debug|x64.Build.0 = Debug|x64
		{1F524B22-DA3F-4AA4-890F-C8518AEFCABB}.Debug|x86.ActiveCfg = Debug|Win32
		{1F524B22-DA3F-4AA4-890F-C8518AEFCABB}.Debug|x86.Build.0 = Debug|Win32
		{1F524B22-DA3F-4AA4-890F-C8518AEFCABB}.Release|x64.ActiveCfg = Release|x64
		{1F524B22-DA3F-4AA4-890F-C8518AEFCABB}.Release|x64.Build.0 = Release|x64
		{1F524B22-DA3F-4AA4-890F-C8518AEFCABB}.Release|x86.ActiveCfg = Release|Win32
		{1F524B22-DA3F-4AA4-890F-C8518AEFCABB}.Release|x86.Build.0 = Release|Win32
	EndGlobalSection
	GlobalSection(SolutionProperties) = preSolution
		HideSolutionNode = FALSE
	EndGlobalSection
	GlobalSection(ExtensibilityGlobals) = postSolution
		SolutionGuid = {CCDCC12A-6BFD-4573-984D-7A2F2793E376}
	EndGlobalSection
EndGlobal
