
Microsoft Visual Studio Solution File, Format Version 12.00
# Visual Studio Version 17
VisualStudioVersion = 17.11.35222.181
MinimumVisualStudioVersion = 10.0.40219.1
Project("{8BC9CEB8-8B4A-11D0-8D11-00A0C91BC942}") = "CCC '22 S4 - Good Triplets", "CCC '22 S4 - Good Triplets\CCC '22 S4 - Good Triplets.vcxproj", "{AFDBF1EC-3973-46D2-B84B-894634C9ABA1}"
EndProject
Global
	GlobalSection(SolutionConfigurationPlatforms) = preSolution
		Debug|x64 = Debug|x64
		Debug|x86 = Debug|x86
		Release|x64 = Release|x64
		Release|x86 = Release|x86
	EndGlobalSection
	GlobalSection(ProjectConfigurationPlatforms) = postSolution
		{AFDBF1EC-3973-46D2-B84B-894634C9ABA1}.Debug|x64.ActiveCfg = Debug|x64
		{AFDBF1EC-3973-46D2-B84B-894634C9ABA1}.Debug|x64.Build.0 = Debug|x64
		{AFDBF1EC-3973-46D2-B84B-894634C9ABA1}.Debug|x86.ActiveCfg = Debug|Win32
		{AFDBF1EC-3973-46D2-B84B-894634C9ABA1}.Debug|x86.Build.0 = Debug|Win32
		{AFDBF1EC-3973-46D2-B84B-894634C9ABA1}.Release|x64.ActiveCfg = Release|x64
		{AFDBF1EC-3973-46D2-B84B-894634C9ABA1}.Release|x64.Build.0 = Release|x64
		{AFDBF1EC-3973-46D2-B84B-894634C9ABA1}.Release|x86.ActiveCfg = Release|Win32
		{AFDBF1EC-3973-46D2-B84B-894634C9ABA1}.Release|x86.Build.0 = Release|Win32
	EndGlobalSection
	GlobalSection(SolutionProperties) = preSolution
		HideSolutionNode = FALSE
	EndGlobalSection
	GlobalSection(ExtensibilityGlobals) = postSolution
		SolutionGuid = {A825F77E-2EAD-423E-B26F-5C06C5076281}
	EndGlobalSection
EndGlobal
