
Microsoft Visual Studio Solution File, Format Version 12.00
# Visual Studio Version 17
VisualStudioVersion = 17.5.33516.290
MinimumVisualStudioVersion = 10.0.40219.1
Project("{8BC9CEB8-8B4A-11D0-8D11-00A0C91BC942}") = "字符串折叠", "字符串折叠.vcxproj", "{10EE7E1D-1883-4A1D-B22E-60D9F2D429FB}"
EndProject
Global
	GlobalSection(SolutionConfigurationPlatforms) = preSolution
		Debug|x64 = Debug|x64
		Debug|x86 = Debug|x86
		Release|x64 = Release|x64
		Release|x86 = Release|x86
	EndGlobalSection
	GlobalSection(ProjectConfigurationPlatforms) = postSolution
		{10EE7E1D-1883-4A1D-B22E-60D9F2D429FB}.Debug|x64.ActiveCfg = Debug|x64
		{10EE7E1D-1883-4A1D-B22E-60D9F2D429FB}.Debug|x64.Build.0 = Debug|x64
		{10EE7E1D-1883-4A1D-B22E-60D9F2D429FB}.Debug|x86.ActiveCfg = Debug|Win32
		{10EE7E1D-1883-4A1D-B22E-60D9F2D429FB}.Debug|x86.Build.0 = Debug|Win32
		{10EE7E1D-1883-4A1D-B22E-60D9F2D429FB}.Release|x64.ActiveCfg = Release|x64
		{10EE7E1D-1883-4A1D-B22E-60D9F2D429FB}.Release|x64.Build.0 = Release|x64
		{10EE7E1D-1883-4A1D-B22E-60D9F2D429FB}.Release|x86.ActiveCfg = Release|Win32
		{10EE7E1D-1883-4A1D-B22E-60D9F2D429FB}.Release|x86.Build.0 = Release|Win32
	EndGlobalSection
	GlobalSection(SolutionProperties) = preSolution
		HideSolutionNode = FALSE
	EndGlobalSection
	GlobalSection(ExtensibilityGlobals) = postSolution
		SolutionGuid = {BF52C202-5D1C-4588-8238-20CC2D92541C}
	EndGlobalSection
EndGlobal
