
Microsoft Visual Studio Solution File, Format Version 12.00
# Visual Studio Version 17
VisualStudioVersion = 17.11.35222.181
MinimumVisualStudioVersion = 10.0.40219.1
Project("{8BC9CEB8-8B4A-11D0-8D11-00A0C91BC942}") = "Penchick and BBQ Buns", "Penchick and BBQ Buns\Penchick and BBQ Buns.vcxproj", "{436ED9CE-E1DA-434C-824E-C2D361EC6948}"
EndProject
Global
	GlobalSection(SolutionConfigurationPlatforms) = preSolution
		Debug|x64 = Debug|x64
		Debug|x86 = Debug|x86
		Release|x64 = Release|x64
		Release|x86 = Release|x86
	EndGlobalSection
	GlobalSection(ProjectConfigurationPlatforms) = postSolution
		{436ED9CE-E1DA-434C-824E-C2D361EC6948}.Debug|x64.ActiveCfg = Debug|x64
		{436ED9CE-E1DA-434C-824E-C2D361EC6948}.Debug|x64.Build.0 = Debug|x64
		{436ED9CE-E1DA-434C-824E-C2D361EC6948}.Debug|x86.ActiveCfg = Debug|Win32
		{436ED9CE-E1DA-434C-824E-C2D361EC6948}.Debug|x86.Build.0 = Debug|Win32
		{436ED9CE-E1DA-434C-824E-C2D361EC6948}.Release|x64.ActiveCfg = Release|x64
		{436ED9CE-E1DA-434C-824E-C2D361EC6948}.Release|x64.Build.0 = Release|x64
		{436ED9CE-E1DA-434C-824E-C2D361EC6948}.Release|x86.ActiveCfg = Release|Win32
		{436ED9CE-E1DA-434C-824E-C2D361EC6948}.Release|x86.Build.0 = Release|Win32
	EndGlobalSection
	GlobalSection(SolutionProperties) = preSolution
		HideSolutionNode = FALSE
	EndGlobalSection
	GlobalSection(ExtensibilityGlobals) = postSolution
		SolutionGuid = {FE1068DF-FCCC-477D-B9E6-795BA506A185}
	EndGlobalSection
EndGlobal
